
Microsoft Visual Studio Solution File, Format Version 12.00
# Visual Studio Version 17
VisualStudioVersion = 17.8.34309.116
MinimumVisualStudioVersion = 10.0.40219.1
Project("{2150E333-8FDC-42A3-9474-1A3956D46DE8}") = "Core", "Core", "{483782B2-85D6-49B6-B8D2-6C9B92602E76}"
EndProject
Project("{FAE04EC0-301F-11D3-BF4B-00C04F79EFBC}") = "BankAccount.Domain", "Core\BankAccount.Domain\BankAccount.Domain.csproj", "{15D3E9ED-EF15-484F-B611-8A09C5BB6B89}"
EndProject
Global
	GlobalSection(SolutionConfigurationPlatforms) = preSolution
		Debug|Any CPU = Debug|Any CPU
		Release|Any CPU = Release|Any CPU
	EndGlobalSection
	GlobalSection(ProjectConfigurationPlatforms) = postSolution
		{15D3E9ED-EF15-484F-B611-8A09C5BB6B89}.Debug|Any CPU.ActiveCfg = Debug|Any CPU
		{15D3E9ED-EF15-484F-B611-8A09C5BB6B89}.Debug|Any CPU.Build.0 = Debug|Any CPU
		{15D3E9ED-EF15-484F-B611-8A09C5BB6B89}.Release|Any CPU.ActiveCfg = Release|Any CPU
		{15D3E9ED-EF15-484F-B611-8A09C5BB6B89}.Release|Any CPU.Build.0 = Release|Any CPU
	EndGlobalSection
	GlobalSection(SolutionProperties) = preSolution
		HideSolutionNode = FALSE
	EndGlobalSection
	GlobalSection(NestedProjects) = preSolution
		{15D3E9ED-EF15-484F-B611-8A09C5BB6B89} = {483782B2-85D6-49B6-B8D2-6C9B92602E76}
	EndGlobalSection
	GlobalSection(ExtensibilityGlobals) = postSolution
		SolutionGuid = {ECA6C1A5-F857-40F0-AF92-E556B21E5418}
	EndGlobalSection
EndGlobal
