
Microsoft Visual Studio Solution File, Format Version 12.00
# Visual Studio Version 17
VisualStudioVersion = 17.7.34031.279
MinimumVisualStudioVersion = 10.0.40219.1
Project("{2150E333-8FDC-42A3-9474-1A3956D46DE8}") = "Core", "Core", "{624C2D2C-2061-47F0-BCAB-5B2CFF24DE7A}"
EndProject
Project("{FAE04EC0-301F-11D3-BF4B-00C04F79EFBC}") = "StudentCampus.Domain", "Core\StudentCampus.Domain\StudentCampus.Domain.csproj", "{38EAA3A9-FE0F-4533-B276-EDD70B509073}"
EndProject
Global
	GlobalSection(SolutionConfigurationPlatforms) = preSolution
		Debug|Any CPU = Debug|Any CPU
		Release|Any CPU = Release|Any CPU
	EndGlobalSection
	GlobalSection(ProjectConfigurationPlatforms) = postSolution
		{38EAA3A9-FE0F-4533-B276-EDD70B509073}.Debug|Any CPU.ActiveCfg = Debug|Any CPU
		{38EAA3A9-FE0F-4533-B276-EDD70B509073}.Debug|Any CPU.Build.0 = Debug|Any CPU
		{38EAA3A9-FE0F-4533-B276-EDD70B509073}.Release|Any CPU.ActiveCfg = Release|Any CPU
		{38EAA3A9-FE0F-4533-B276-EDD70B509073}.Release|Any CPU.Build.0 = Release|Any CPU
	EndGlobalSection
	GlobalSection(SolutionProperties) = preSolution
		HideSolutionNode = FALSE
	EndGlobalSection
	GlobalSection(NestedProjects) = preSolution
		{38EAA3A9-FE0F-4533-B276-EDD70B509073} = {624C2D2C-2061-47F0-BCAB-5B2CFF24DE7A}
	EndGlobalSection
	GlobalSection(ExtensibilityGlobals) = postSolution
		SolutionGuid = {D7E111AA-F9F4-4841-94E1-D3ECD9C2877D}
	EndGlobalSection
EndGlobal
