
Microsoft Visual Studio Solution File, Format Version 12.00
# Visual Studio Version 17
VisualStudioVersion = 17.7.34031.279
MinimumVisualStudioVersion = 10.0.40219.1
Project("{2150E333-8FDC-42A3-9474-1A3956D46DE8}") = "Core", "Core", "{42AD6308-7BEB-41AA-B636-0E477CC94938}"
EndProject
Project("{FAE04EC0-301F-11D3-BF4B-00C04F79EFBC}") = "W4.1-ShapeMaster.Domain", "Core\W4.1-ShapeMaster.Domain\W4.1-ShapeMaster.Domain.csproj", "{C5F8CACB-8F08-42F7-92A9-C56871DCA05F}"
EndProject
Project("{2150E333-8FDC-42A3-9474-1A3956D46DE8}") = "Infrastructure", "Infrastructure", "{39BFAB2B-63BD-4C90-AA67-8C6BD9031214}"
EndProject
Project("{FAE04EC0-301F-11D3-BF4B-00C04F79EFBC}") = "W4.1-ShapeMaster.Infrastructure", "Infrastructure\W4.1-ShapeMaster.Infrastructure\W4.1-ShapeMaster.Infrastructure.csproj", "{635CBD50-6634-41E5-8E80-E6E04DE06187}"
EndProject
Project("{2150E333-8FDC-42A3-9474-1A3956D46DE8}") = "Presantation", "Presantation", "{A582B18E-CD52-4695-AA63-331EA80C5EDF}"
EndProject
Project("{FAE04EC0-301F-11D3-BF4B-00C04F79EFBC}") = "W4.1-ShapeMaster.Console", "Presantation\W4.1-ShapeMaster.Console\W4.1-ShapeMaster.Console.csproj", "{10E44D62-9AEF-4D88-B71B-E1D28D84B644}"
EndProject
Global
	GlobalSection(SolutionConfigurationPlatforms) = preSolution
		Debug|Any CPU = Debug|Any CPU
		Release|Any CPU = Release|Any CPU
	EndGlobalSection
	GlobalSection(ProjectConfigurationPlatforms) = postSolution
		{C5F8CACB-8F08-42F7-92A9-C56871DCA05F}.Debug|Any CPU.ActiveCfg = Debug|Any CPU
		{C5F8CACB-8F08-42F7-92A9-C56871DCA05F}.Debug|Any CPU.Build.0 = Debug|Any CPU
		{C5F8CACB-8F08-42F7-92A9-C56871DCA05F}.Release|Any CPU.ActiveCfg = Release|Any CPU
		{C5F8CACB-8F08-42F7-92A9-C56871DCA05F}.Release|Any CPU.Build.0 = Release|Any CPU
		{635CBD50-6634-41E5-8E80-E6E04DE06187}.Debug|Any CPU.ActiveCfg = Debug|Any CPU
		{635CBD50-6634-41E5-8E80-E6E04DE06187}.Debug|Any CPU.Build.0 = Debug|Any CPU
		{635CBD50-6634-41E5-8E80-E6E04DE06187}.Release|Any CPU.ActiveCfg = Release|Any CPU
		{635CBD50-6634-41E5-8E80-E6E04DE06187}.Release|Any CPU.Build.0 = Release|Any CPU
		{10E44D62-9AEF-4D88-B71B-E1D28D84B644}.Debug|Any CPU.ActiveCfg = Debug|Any CPU
		{10E44D62-9AEF-4D88-B71B-E1D28D84B644}.Debug|Any CPU.Build.0 = Debug|Any CPU
		{10E44D62-9AEF-4D88-B71B-E1D28D84B644}.Release|Any CPU.ActiveCfg = Release|Any CPU
		{10E44D62-9AEF-4D88-B71B-E1D28D84B644}.Release|Any CPU.Build.0 = Release|Any CPU
	EndGlobalSection
	GlobalSection(SolutionProperties) = preSolution
		HideSolutionNode = FALSE
	EndGlobalSection
	GlobalSection(NestedProjects) = preSolution
		{C5F8CACB-8F08-42F7-92A9-C56871DCA05F} = {42AD6308-7BEB-41AA-B636-0E477CC94938}
		{635CBD50-6634-41E5-8E80-E6E04DE06187} = {39BFAB2B-63BD-4C90-AA67-8C6BD9031214}
		{10E44D62-9AEF-4D88-B71B-E1D28D84B644} = {A582B18E-CD52-4695-AA63-331EA80C5EDF}
	EndGlobalSection
	GlobalSection(ExtensibilityGlobals) = postSolution
		SolutionGuid = {464E7D03-9E7C-4E37-B87F-A713867688BE}
	EndGlobalSection
EndGlobal
