
Microsoft Visual Studio Solution File, Format Version 12.00
# Visual Studio Version 17
VisualStudioVersion = 17.7.34031.279
MinimumVisualStudioVersion = 10.0.40219.1
Project("{FAE04EC0-301F-11D3-BF4B-00C04F79EFBC}") = "WebAPI", "WebAPI\WebAPI.csproj", "{DBFB3A44-6192-4A9A-89A7-A2BEC7499D2B}"
EndProject
Project("{FAE04EC0-301F-11D3-BF4B-00C04F79EFBC}") = "WebAPI.Domain", "WebAPI.Domain\WebAPI.Domain.csproj", "{40000555-41ED-4D1F-AAAD-8B17A4AE3689}"
EndProject
Global
	GlobalSection(SolutionConfigurationPlatforms) = preSolution
		Debug|Any CPU = Debug|Any CPU
		Release|Any CPU = Release|Any CPU
	EndGlobalSection
	GlobalSection(ProjectConfigurationPlatforms) = postSolution
		{DBFB3A44-6192-4A9A-89A7-A2BEC7499D2B}.Debug|Any CPU.ActiveCfg = Debug|Any CPU
		{DBFB3A44-6192-4A9A-89A7-A2BEC7499D2B}.Debug|Any CPU.Build.0 = Debug|Any CPU
		{DBFB3A44-6192-4A9A-89A7-A2BEC7499D2B}.Release|Any CPU.ActiveCfg = Release|Any CPU
		{DBFB3A44-6192-4A9A-89A7-A2BEC7499D2B}.Release|Any CPU.Build.0 = Release|Any CPU
		{40000555-41ED-4D1F-AAAD-8B17A4AE3689}.Debug|Any CPU.ActiveCfg = Debug|Any CPU
		{40000555-41ED-4D1F-AAAD-8B17A4AE3689}.Debug|Any CPU.Build.0 = Debug|Any CPU
		{40000555-41ED-4D1F-AAAD-8B17A4AE3689}.Release|Any CPU.ActiveCfg = Release|Any CPU
		{40000555-41ED-4D1F-AAAD-8B17A4AE3689}.Release|Any CPU.Build.0 = Release|Any CPU
	EndGlobalSection
	GlobalSection(SolutionProperties) = preSolution
		HideSolutionNode = FALSE
	EndGlobalSection
	GlobalSection(ExtensibilityGlobals) = postSolution
		SolutionGuid = {4581CCFA-28CE-421D-8062-E3C5D691E68B}
	EndGlobalSection
EndGlobal
