
Microsoft Visual Studio Solution File, Format Version 12.00
# Visual Studio Version 17
VisualStudioVersion = 17.7.34031.279
MinimumVisualStudioVersion = 10.0.40219.1
Project("{9A19103F-16F7-4668-BE54-9A1E7A4F7556}") = "W5.0-LinqMethods", "W5.0-Linq-Methods\W5.0-LinqMethods.csproj", "{B6EEDFA8-B977-4D04-904D-9DFFB83A5F42}"
EndProject
Project("{FAE04EC0-301F-11D3-BF4B-00C04F79EFBC}") = "W5.0-EntityFramework", "W5.0-EntityFramework\W5.0-EntityFramework.csproj", "{9708F22C-2AB4-4732-B4C3-CBA1127D06C1}"
EndProject
Global
	GlobalSection(SolutionConfigurationPlatforms) = preSolution
		Debug|Any CPU = Debug|Any CPU
		Release|Any CPU = Release|Any CPU
	EndGlobalSection
	GlobalSection(ProjectConfigurationPlatforms) = postSolution
		{B6EEDFA8-B977-4D04-904D-9DFFB83A5F42}.Debug|Any CPU.ActiveCfg = Debug|Any CPU
		{B6EEDFA8-B977-4D04-904D-9DFFB83A5F42}.Debug|Any CPU.Build.0 = Debug|Any CPU
		{B6EEDFA8-B977-4D04-904D-9DFFB83A5F42}.Release|Any CPU.ActiveCfg = Release|Any CPU
		{B6EEDFA8-B977-4D04-904D-9DFFB83A5F42}.Release|Any CPU.Build.0 = Release|Any CPU
		{9708F22C-2AB4-4732-B4C3-CBA1127D06C1}.Debug|Any CPU.ActiveCfg = Debug|Any CPU
		{9708F22C-2AB4-4732-B4C3-CBA1127D06C1}.Debug|Any CPU.Build.0 = Debug|Any CPU
		{9708F22C-2AB4-4732-B4C3-CBA1127D06C1}.Release|Any CPU.ActiveCfg = Release|Any CPU
		{9708F22C-2AB4-4732-B4C3-CBA1127D06C1}.Release|Any CPU.Build.0 = Release|Any CPU
	EndGlobalSection
	GlobalSection(SolutionProperties) = preSolution
		HideSolutionNode = FALSE
	EndGlobalSection
	GlobalSection(ExtensibilityGlobals) = postSolution
		SolutionGuid = {155E2BB7-5CE3-4AC6-A75D-2F772E9D1F57}
	EndGlobalSection
EndGlobal
